
Microsoft Visual Studio Solution File, Format Version 12.00
# Visual Studio 15
VisualStudioVersion = 15.0.27130.2027
MinimumVisualStudioVersion = 10.0.40219.1
Project("{FAE04EC0-301F-11D3-BF4B-00C04F79EFBC}") = "BDDontomate", "BDDontomate\BDDontomate.csproj", "{F5E9D7F0-F019-4728-BBA6-72D33375C95E}"
EndProject
Global
	GlobalSection(SolutionConfigurationPlatforms) = preSolution
		Debug|Any CPU = Debug|Any CPU
		Release|Any CPU = Release|Any CPU
	EndGlobalSection
	GlobalSection(ProjectConfigurationPlatforms) = postSolution
		{F5E9D7F0-F019-4728-BBA6-72D33375C95E}.Debug|Any CPU.ActiveCfg = Debug|Any CPU
		{F5E9D7F0-F019-4728-BBA6-72D33375C95E}.Debug|Any CPU.Build.0 = Debug|Any CPU
		{F5E9D7F0-F019-4728-BBA6-72D33375C95E}.Release|Any CPU.ActiveCfg = Release|Any CPU
		{F5E9D7F0-F019-4728-BBA6-72D33375C95E}.Release|Any CPU.Build.0 = Release|Any CPU
	EndGlobalSection
	GlobalSection(SolutionProperties) = preSolution
		HideSolutionNode = FALSE
	EndGlobalSection
	GlobalSection(ExtensibilityGlobals) = postSolution
		SolutionGuid = {DCE91B51-541A-4FE9-906E-DC8EDD733F87}
	EndGlobalSection
EndGlobal
